<?xml version="1.0" encoding="utf-8"?>
<Project ToolsVersion="4.0" xmlns="http://schemas.microsoft.com/developer/msbuild/2003">
  <ItemGroup>
    <Filter Include="gwcEngine">
      <UniqueIdentifier>{5C388210-C8A2-3687-11E1-E72C7D8A14DC}</UniqueIdentifier>
    </Filter>
    <Filter Include="gwcEngine\Core">
      <UniqueIdentifier>{34F6B82C-20C4-AC32-0958-1D59F5C48897}</UniqueIdentifier>
    </Filter>
    <Filter Include="gwcEngine\Events">
      <UniqueIdentifier>{C064F143-AC5D-1096-D58F-F51AC1E7EFA1}</UniqueIdentifier>
    </Filter>
    <Filter Include="gwcEngine\Renderer">
      <UniqueIdentifier>{82A3D8FC-6E87-9952-D7E7-93A5C3EA83D4}</UniqueIdentifier>
    </Filter>
    <Filter Include="platform">
      <UniqueIdentifier>{4A63C33C-3630-1E48-5F49-0CF04B7553D6}</UniqueIdentifier>
    </Filter>
    <Filter Include="platform\OpenGL">
      <UniqueIdentifier>{3E351A86-AAC0-874A-B3D1-0A3F1FDCE34A}</UniqueIdentifier>
    </Filter>
  </ItemGroup>
  <ItemGroup>
    <ClInclude Include="src\gepch.h" />
    <ClInclude Include="src\gwcEngine.h" />
    <ClInclude Include="src\gwcEngine\Core\EntryPoint.h">
      <Filter>gwcEngine\Core</Filter>
    </ClInclude>
    <ClInclude Include="src\gwcEngine\Core\Input.h">
      <Filter>gwcEngine\Core</Filter>
    </ClInclude>
    <ClInclude Include="src\gwcEngine\Core\KeyCodes.h">
      <Filter>gwcEngine\Core</Filter>
    </ClInclude>
    <ClInclude Include="src\gwcEngine\Core\Layer.h">
      <Filter>gwcEngine\Core</Filter>
    </ClInclude>
    <ClInclude Include="src\gwcEngine\Core\LayerStack.h">
      <Filter>gwcEngine\Core</Filter>
    </ClInclude>
    <ClInclude Include="src\gwcEngine\Core\Log.h">
      <Filter>gwcEngine\Core</Filter>
    </ClInclude>
    <ClInclude Include="src\gwcEngine\Core\MouseButtonCodes.h">
      <Filter>gwcEngine\Core</Filter>
    </ClInclude>
    <ClInclude Include="src\gwcEngine\Core\Window.h">
      <Filter>gwcEngine\Core</Filter>
    </ClInclude>
    <ClInclude Include="src\gwcEngine\Core\application.h">
      <Filter>gwcEngine\Core</Filter>
    </ClInclude>
    <ClInclude Include="src\gwcEngine\Core\core.h">
      <Filter>gwcEngine\Core</Filter>
    </ClInclude>
    <ClInclude Include="src\gwcEngine\Events\ApplicationEvent.h">
      <Filter>gwcEngine\Events</Filter>
    </ClInclude>
    <ClInclude Include="src\gwcEngine\Events\Event.h">
      <Filter>gwcEngine\Events</Filter>
    </ClInclude>
    <ClInclude Include="src\gwcEngine\Events\KeyEvent.h">
      <Filter>gwcEngine\Events</Filter>
    </ClInclude>
    <ClInclude Include="src\gwcEngine\Events\MouseEvent.h">
      <Filter>gwcEngine\Events</Filter>
    </ClInclude>
    <ClInclude Include="src\gwcEngine\Renderer\GraphicsContext.h">
      <Filter>gwcEngine\Renderer</Filter>
    </ClInclude>
    <ClInclude Include="src\platform\OpenGL\OpenGLContext.h">
      <Filter>platform\OpenGL</Filter>
    </ClInclude>
    <ClInclude Include="src\platform\WindowsInput.h">
      <Filter>platform</Filter>
    </ClInclude>
    <ClInclude Include="src\platform\WindowsWindow.h">
      <Filter>platform</Filter>
    </ClInclude>
    <ClInclude Include="src\gwcEngine\Renderer\Shader.h" />
    <ClInclude Include="src\gwcEngine\Renderer\Buffer.h" />
    <ClInclude Include="src\platform\OpenGL\OpenGLBuffer.h" />
    <ClInclude Include="src\gwcEngine\Renderer\Renderer.h" />
  </ItemGroup>
  <ItemGroup>
    <ClCompile Include="src\gepch.cpp" />
    <ClCompile Include="src\gwcEngine\Core\Layer.cpp">
      <Filter>gwcEngine\Core</Filter>
    </ClCompile>
    <ClCompile Include="src\gwcEngine\Core\LayerStack.cpp">
      <Filter>gwcEngine\Core</Filter>
    </ClCompile>
    <ClCompile Include="src\gwcEngine\Core\Log.cpp">
      <Filter>gwcEngine\Core</Filter>
    </ClCompile>
    <ClCompile Include="src\gwcEngine\Core\Window.cpp">
      <Filter>gwcEngine\Core</Filter>
    </ClCompile>
    <ClCompile Include="src\gwcEngine\Core\application.cpp">
      <Filter>gwcEngine\Core</Filter>
    </ClCompile>
    <ClCompile Include="src\platform\OpenGL\OpenGLContext.cpp">
      <Filter>platform\OpenGL</Filter>
    </ClCompile>
    <ClCompile Include="src\platform\WindowsInput.cpp">
      <Filter>platform</Filter>
    </ClCompile>
    <ClCompile Include="src\platform\WindowsWindow.cpp">
      <Filter>platform</Filter>
    </ClCompile>
    <ClCompile Include="src\gwcEngine\Renderer\Shader.cpp" />
    <ClCompile Include="src\gwcEngine\Renderer\Buffer.cpp" />
    <ClCompile Include="src\platform\OpenGL\OpenGLBuffer.cpp" />
    <ClCompile Include="src\gwcEngine\Renderer\Renderer.cpp" />
  </ItemGroup>
</Project>